
Microsoft Visual Studio Solution File, Format Version 12.00
# Visual Studio 15
VisualStudioVersion = 15.0.27428.2043
MinimumVisualStudioVersion = 10.0.40219.1
Project("{9A19103F-16F7-4668-BE54-9A1E7A4F7556}") = "ZShoppe.Client", "ZShoppe.Client\ZShoppe.Client\ZShoppe.Client.csproj", "{BE7333DD-2159-4290-BEBD-7F9FC58B01B3}"
EndProject
Project("{FAE04EC0-301F-11D3-BF4B-00C04F79EFBC}") = "ZShoppe.Client.Android", "ZShoppe.Client\ZShoppe.Client.Android\ZShoppe.Client.Android.csproj", "{AADCCB48-A2B9-4397-8A41-C2E5CA5916C8}"
EndProject
Project("{FAE04EC0-301F-11D3-BF4B-00C04F79EFBC}") = "ZShoppe.Client.iOS", "ZShoppe.Client\ZShoppe.Client.iOS\ZShoppe.Client.iOS.csproj", "{07B4B52B-AB8E-44D6-B69C-BB92987864B2}"
EndProject
Project("{FAE04EC0-301F-11D3-BF4B-00C04F79EFBC}") = "ZShoppe.Client.UWP", "ZShoppe.Client\ZShoppe.Client.UWP\ZShoppe.Client.UWP.csproj", "{BC4D03E5-1B62-4F23-B3BA-F136DBE2D2B5}"
EndProject
Project("{2150E333-8FDC-42A3-9474-1A3956D46DE8}") = "Client", "Client", "{873076A5-359D-4037-AD70-9D89B6859B52}"
EndProject
Project("{2150E333-8FDC-42A3-9474-1A3956D46DE8}") = "Common", "Common", "{27849618-C105-4A1B-9767-12DEEB0CDCFC}"
EndProject
Project("{9A19103F-16F7-4668-BE54-9A1E7A4F7556}") = "ZShoppe.Client.Common.Presentation", "ZShoppe.Client.Common.Presentation\ZShoppe.Client.Common.Presentation.csproj", "{6D9E71C8-88B8-4996-B4E8-426981FAC3CE}"
EndProject
Project("{2150E333-8FDC-42A3-9474-1A3956D46DE8}") = "WhiteboardHome", "WhiteboardHome", "{11DD597A-6FAB-40B1-806C-0B071CE50543}"
EndProject
Project("{9A19103F-16F7-4668-BE54-9A1E7A4F7556}") = "ZShoppe.Client.WhiteboardHome.Views", "ZShoppe.Client.WhiteboardHome.Views\ZShoppe.Client.WhiteboardHome.Views.csproj", "{ABF57A0E-F2B4-4E80-BFDE-FF319BA473DF}"
EndProject
Project("{9A19103F-16F7-4668-BE54-9A1E7A4F7556}") = "ZShoppe.Client.WhiteboardHome.ViewModels", "ZShoppe.Client.WhiteboardHome.ViewModel\ZShoppe.Client.WhiteboardHome.ViewModels.csproj", "{5949A63E-EF1D-4039-A9E1-7AE977C6F67D}"
EndProject
Project("{9A19103F-16F7-4668-BE54-9A1E7A4F7556}") = "ZShoppe.Client.Common.ViewModels", "ZShoppe.Client.Common.ViewModels\ZShoppe.Client.Common.ViewModels.csproj", "{4E2E5D6E-848A-45B1-8814-85C16983566E}"
EndProject
Project("{9A19103F-16F7-4668-BE54-9A1E7A4F7556}") = "ZShoppe.Client.Common.Contracts", "ZShoppe.Client.Common.Contracts\ZShoppe.Client.Common.Contracts.csproj", "{0F721C4C-C734-4D99-9F38-71329B1A4407}"
EndProject
Project("{9A19103F-16F7-4668-BE54-9A1E7A4F7556}") = "ZShoppe.Client.WhiteboardHome.Services", "ZShoppe.Client.WhiteboardHome.Services\ZShoppe.Client.WhiteboardHome.Services.csproj", "{EE068FBF-61E8-478B-8157-DF23E596F0A8}"
EndProject
Project("{9A19103F-16F7-4668-BE54-9A1E7A4F7556}") = "ZShoppe.Client.Common.Services", "ZShoppe.Client.Common.Services\ZShoppe.Client.Common.Services.csproj", "{4CFB5048-5367-43FA-8D4E-1CE2A829D3E6}"
EndProject
Project("{2150E333-8FDC-42A3-9474-1A3956D46DE8}") = "Details", "Details", "{B82FF878-82FF-4E6C-AEF5-B16F604C09E0}"
EndProject
Project("{9A19103F-16F7-4668-BE54-9A1E7A4F7556}") = "ZShoppe.Client.Details.Views", "ZShoppe.Client.Details.Views\ZShoppe.Client.Details.Views.csproj", "{8759ED56-35A6-42A8-98D6-0433D89FB13A}"
EndProject
Project("{FAE04EC0-301F-11D3-BF4B-00C04F79EFBC}") = "ZShoppe.Client.Details.ViewModels", "ZShoppe.Client.Details.ViewModel\ZShoppe.Client.Details.ViewModels.csproj", "{2C364F14-3E5C-4D57-BD0C-F5F060F0E087}"
EndProject
Global
	GlobalSection(SolutionConfigurationPlatforms) = preSolution
		Ad-Hoc|Any CPU = Ad-Hoc|Any CPU
		Ad-Hoc|ARM = Ad-Hoc|ARM
		Ad-Hoc|iPhone = Ad-Hoc|iPhone
		Ad-Hoc|iPhoneSimulator = Ad-Hoc|iPhoneSimulator
		Ad-Hoc|x64 = Ad-Hoc|x64
		Ad-Hoc|x86 = Ad-Hoc|x86
		AppStore|Any CPU = AppStore|Any CPU
		AppStore|ARM = AppStore|ARM
		AppStore|iPhone = AppStore|iPhone
		AppStore|iPhoneSimulator = AppStore|iPhoneSimulator
		AppStore|x64 = AppStore|x64
		AppStore|x86 = AppStore|x86
		Debug|Any CPU = Debug|Any CPU
		Debug|ARM = Debug|ARM
		Debug|iPhone = Debug|iPhone
		Debug|iPhoneSimulator = Debug|iPhoneSimulator
		Debug|x64 = Debug|x64
		Debug|x86 = Debug|x86
		Release|Any CPU = Release|Any CPU
		Release|ARM = Release|ARM
		Release|iPhone = Release|iPhone
		Release|iPhoneSimulator = Release|iPhoneSimulator
		Release|x64 = Release|x64
		Release|x86 = Release|x86
	EndGlobalSection
	GlobalSection(ProjectConfigurationPlatforms) = postSolution
		{BE7333DD-2159-4290-BEBD-7F9FC58B01B3}.Ad-Hoc|Any CPU.ActiveCfg = Debug|Any CPU
		{BE7333DD-2159-4290-BEBD-7F9FC58B01B3}.Ad-Hoc|Any CPU.Build.0 = Debug|Any CPU
		{BE7333DD-2159-4290-BEBD-7F9FC58B01B3}.Ad-Hoc|ARM.ActiveCfg = Debug|Any CPU
		{BE7333DD-2159-4290-BEBD-7F9FC58B01B3}.Ad-Hoc|ARM.Build.0 = Debug|Any CPU
		{BE7333DD-2159-4290-BEBD-7F9FC58B01B3}.Ad-Hoc|iPhone.ActiveCfg = Debug|Any CPU
		{BE7333DD-2159-4290-BEBD-7F9FC58B01B3}.Ad-Hoc|iPhone.Build.0 = Debug|Any CPU
		{BE7333DD-2159-4290-BEBD-7F9FC58B01B3}.Ad-Hoc|iPhoneSimulator.ActiveCfg = Debug|Any CPU
		{BE7333DD-2159-4290-BEBD-7F9FC58B01B3}.Ad-Hoc|iPhoneSimulator.Build.0 = Debug|Any CPU
		{BE7333DD-2159-4290-BEBD-7F9FC58B01B3}.Ad-Hoc|x64.ActiveCfg = Debug|Any CPU
		{BE7333DD-2159-4290-BEBD-7F9FC58B01B3}.Ad-Hoc|x64.Build.0 = Debug|Any CPU
		{BE7333DD-2159-4290-BEBD-7F9FC58B01B3}.Ad-Hoc|x86.ActiveCfg = Debug|Any CPU
		{BE7333DD-2159-4290-BEBD-7F9FC58B01B3}.Ad-Hoc|x86.Build.0 = Debug|Any CPU
		{BE7333DD-2159-4290-BEBD-7F9FC58B01B3}.AppStore|Any CPU.ActiveCfg = Debug|Any CPU
		{BE7333DD-2159-4290-BEBD-7F9FC58B01B3}.AppStore|Any CPU.Build.0 = Debug|Any CPU
		{BE7333DD-2159-4290-BEBD-7F9FC58B01B3}.AppStore|ARM.ActiveCfg = Debug|Any CPU
		{BE7333DD-2159-4290-BEBD-7F9FC58B01B3}.AppStore|ARM.Build.0 = Debug|Any CPU
		{BE7333DD-2159-4290-BEBD-7F9FC58B01B3}.AppStore|iPhone.ActiveCfg = Debug|Any CPU
		{BE7333DD-2159-4290-BEBD-7F9FC58B01B3}.AppStore|iPhone.Build.0 = Debug|Any CPU
		{BE7333DD-2159-4290-BEBD-7F9FC58B01B3}.AppStore|iPhoneSimulator.ActiveCfg = Debug|Any CPU
		{BE7333DD-2159-4290-BEBD-7F9FC58B01B3}.AppStore|iPhoneSimulator.Build.0 = Debug|Any CPU
		{BE7333DD-2159-4290-BEBD-7F9FC58B01B3}.AppStore|x64.ActiveCfg = Debug|Any CPU
		{BE7333DD-2159-4290-BEBD-7F9FC58B01B3}.AppStore|x64.Build.0 = Debug|Any CPU
		{BE7333DD-2159-4290-BEBD-7F9FC58B01B3}.AppStore|x86.ActiveCfg = Debug|Any CPU
		{BE7333DD-2159-4290-BEBD-7F9FC58B01B3}.AppStore|x86.Build.0 = Debug|Any CPU
		{BE7333DD-2159-4290-BEBD-7F9FC58B01B3}.Debug|Any CPU.ActiveCfg = Debug|Any CPU
		{BE7333DD-2159-4290-BEBD-7F9FC58B01B3}.Debug|Any CPU.Build.0 = Debug|Any CPU
		{BE7333DD-2159-4290-BEBD-7F9FC58B01B3}.Debug|ARM.ActiveCfg = Debug|Any CPU
		{BE7333DD-2159-4290-BEBD-7F9FC58B01B3}.Debug|ARM.Build.0 = Debug|Any CPU
		{BE7333DD-2159-4290-BEBD-7F9FC58B01B3}.Debug|iPhone.ActiveCfg = Debug|Any CPU
		{BE7333DD-2159-4290-BEBD-7F9FC58B01B3}.Debug|iPhone.Build.0 = Debug|Any CPU
		{BE7333DD-2159-4290-BEBD-7F9FC58B01B3}.Debug|iPhoneSimulator.ActiveCfg = Debug|Any CPU
		{BE7333DD-2159-4290-BEBD-7F9FC58B01B3}.Debug|iPhoneSimulator.Build.0 = Debug|Any CPU
		{BE7333DD-2159-4290-BEBD-7F9FC58B01B3}.Debug|x64.ActiveCfg = Debug|Any CPU
		{BE7333DD-2159-4290-BEBD-7F9FC58B01B3}.Debug|x64.Build.0 = Debug|Any CPU
		{BE7333DD-2159-4290-BEBD-7F9FC58B01B3}.Debug|x86.ActiveCfg = Debug|Any CPU
		{BE7333DD-2159-4290-BEBD-7F9FC58B01B3}.Debug|x86.Build.0 = Debug|Any CPU
		{BE7333DD-2159-4290-BEBD-7F9FC58B01B3}.Release|Any CPU.ActiveCfg = Release|Any CPU
		{BE7333DD-2159-4290-BEBD-7F9FC58B01B3}.Release|Any CPU.Build.0 = Release|Any CPU
		{BE7333DD-2159-4290-BEBD-7F9FC58B01B3}.Release|ARM.ActiveCfg = Release|Any CPU
		{BE7333DD-2159-4290-BEBD-7F9FC58B01B3}.Release|ARM.Build.0 = Release|Any CPU
		{BE7333DD-2159-4290-BEBD-7F9FC58B01B3}.Release|iPhone.ActiveCfg = Release|Any CPU
		{BE7333DD-2159-4290-BEBD-7F9FC58B01B3}.Release|iPhone.Build.0 = Release|Any CPU
		{BE7333DD-2159-4290-BEBD-7F9FC58B01B3}.Release|iPhoneSimulator.ActiveCfg = Release|Any CPU
		{BE7333DD-2159-4290-BEBD-7F9FC58B01B3}.Release|iPhoneSimulator.Build.0 = Release|Any CPU
		{BE7333DD-2159-4290-BEBD-7F9FC58B01B3}.Release|x64.ActiveCfg = Release|Any CPU
		{BE7333DD-2159-4290-BEBD-7F9FC58B01B3}.Release|x64.Build.0 = Release|Any CPU
		{BE7333DD-2159-4290-BEBD-7F9FC58B01B3}.Release|x86.ActiveCfg = Release|Any CPU
		{BE7333DD-2159-4290-BEBD-7F9FC58B01B3}.Release|x86.Build.0 = Release|Any CPU
		{AADCCB48-A2B9-4397-8A41-C2E5CA5916C8}.Ad-Hoc|Any CPU.ActiveCfg = Release|Any CPU
		{AADCCB48-A2B9-4397-8A41-C2E5CA5916C8}.Ad-Hoc|Any CPU.Build.0 = Release|Any CPU
		{AADCCB48-A2B9-4397-8A41-C2E5CA5916C8}.Ad-Hoc|Any CPU.Deploy.0 = Release|Any CPU
		{AADCCB48-A2B9-4397-8A41-C2E5CA5916C8}.Ad-Hoc|ARM.ActiveCfg = Release|Any CPU
		{AADCCB48-A2B9-4397-8A41-C2E5CA5916C8}.Ad-Hoc|ARM.Build.0 = Release|Any CPU
		{AADCCB48-A2B9-4397-8A41-C2E5CA5916C8}.Ad-Hoc|ARM.Deploy.0 = Release|Any CPU
		{AADCCB48-A2B9-4397-8A41-C2E5CA5916C8}.Ad-Hoc|iPhone.ActiveCfg = Release|Any CPU
		{AADCCB48-A2B9-4397-8A41-C2E5CA5916C8}.Ad-Hoc|iPhone.Build.0 = Release|Any CPU
		{AADCCB48-A2B9-4397-8A41-C2E5CA5916C8}.Ad-Hoc|iPhone.Deploy.0 = Release|Any CPU
		{AADCCB48-A2B9-4397-8A41-C2E5CA5916C8}.Ad-Hoc|iPhoneSimulator.ActiveCfg = Release|Any CPU
		{AADCCB48-A2B9-4397-8A41-C2E5CA5916C8}.Ad-Hoc|iPhoneSimulator.Build.0 = Release|Any CPU
		{AADCCB48-A2B9-4397-8A41-C2E5CA5916C8}.Ad-Hoc|iPhoneSimulator.Deploy.0 = Release|Any CPU
		{AADCCB48-A2B9-4397-8A41-C2E5CA5916C8}.Ad-Hoc|x64.ActiveCfg = Release|Any CPU
		{AADCCB48-A2B9-4397-8A41-C2E5CA5916C8}.Ad-Hoc|x64.Build.0 = Release|Any CPU
		{AADCCB48-A2B9-4397-8A41-C2E5CA5916C8}.Ad-Hoc|x64.Deploy.0 = Release|Any CPU
		{AADCCB48-A2B9-4397-8A41-C2E5CA5916C8}.Ad-Hoc|x86.ActiveCfg = Release|Any CPU
		{AADCCB48-A2B9-4397-8A41-C2E5CA5916C8}.Ad-Hoc|x86.Build.0 = Release|Any CPU
		{AADCCB48-A2B9-4397-8A41-C2E5CA5916C8}.Ad-Hoc|x86.Deploy.0 = Release|Any CPU
		{AADCCB48-A2B9-4397-8A41-C2E5CA5916C8}.AppStore|Any CPU.ActiveCfg = Release|Any CPU
		{AADCCB48-A2B9-4397-8A41-C2E5CA5916C8}.AppStore|Any CPU.Build.0 = Release|Any CPU
		{AADCCB48-A2B9-4397-8A41-C2E5CA5916C8}.AppStore|Any CPU.Deploy.0 = Release|Any CPU
		{AADCCB48-A2B9-4397-8A41-C2E5CA5916C8}.AppStore|ARM.ActiveCfg = Release|Any CPU
		{AADCCB48-A2B9-4397-8A41-C2E5CA5916C8}.AppStore|ARM.Build.0 = Release|Any CPU
		{AADCCB48-A2B9-4397-8A41-C2E5CA5916C8}.AppStore|ARM.Deploy.0 = Release|Any CPU
		{AADCCB48-A2B9-4397-8A41-C2E5CA5916C8}.AppStore|iPhone.ActiveCfg = Release|Any CPU
		{AADCCB48-A2B9-4397-8A41-C2E5CA5916C8}.AppStore|iPhone.Build.0 = Release|Any CPU
		{AADCCB48-A2B9-4397-8A41-C2E5CA5916C8}.AppStore|iPhone.Deploy.0 = Release|Any CPU
		{AADCCB48-A2B9-4397-8A41-C2E5CA5916C8}.AppStore|iPhoneSimulator.ActiveCfg = Release|Any CPU
		{AADCCB48-A2B9-4397-8A41-C2E5CA5916C8}.AppStore|iPhoneSimulator.Build.0 = Release|Any CPU
		{AADCCB48-A2B9-4397-8A41-C2E5CA5916C8}.AppStore|iPhoneSimulator.Deploy.0 = Release|Any CPU
		{AADCCB48-A2B9-4397-8A41-C2E5CA5916C8}.AppStore|x64.ActiveCfg = Release|Any CPU
		{AADCCB48-A2B9-4397-8A41-C2E5CA5916C8}.AppStore|x64.Build.0 = Release|Any CPU
		{AADCCB48-A2B9-4397-8A41-C2E5CA5916C8}.AppStore|x64.Deploy.0 = Release|Any CPU
		{AADCCB48-A2B9-4397-8A41-C2E5CA5916C8}.AppStore|x86.ActiveCfg = Release|Any CPU
		{AADCCB48-A2B9-4397-8A41-C2E5CA5916C8}.AppStore|x86.Build.0 = Release|Any CPU
		{AADCCB48-A2B9-4397-8A41-C2E5CA5916C8}.AppStore|x86.Deploy.0 = Release|Any CPU
		{AADCCB48-A2B9-4397-8A41-C2E5CA5916C8}.Debug|Any CPU.ActiveCfg = Debug|Any CPU
		{AADCCB48-A2B9-4397-8A41-C2E5CA5916C8}.Debug|Any CPU.Build.0 = Debug|Any CPU
		{AADCCB48-A2B9-4397-8A41-C2E5CA5916C8}.Debug|Any CPU.Deploy.0 = Debug|Any CPU
		{AADCCB48-A2B9-4397-8A41-C2E5CA5916C8}.Debug|ARM.ActiveCfg = Debug|Any CPU
		{AADCCB48-A2B9-4397-8A41-C2E5CA5916C8}.Debug|ARM.Build.0 = Debug|Any CPU
		{AADCCB48-A2B9-4397-8A41-C2E5CA5916C8}.Debug|ARM.Deploy.0 = Debug|Any CPU
		{AADCCB48-A2B9-4397-8A41-C2E5CA5916C8}.Debug|iPhone.ActiveCfg = Debug|Any CPU
		{AADCCB48-A2B9-4397-8A41-C2E5CA5916C8}.Debug|iPhone.Build.0 = Debug|Any CPU
		{AADCCB48-A2B9-4397-8A41-C2E5CA5916C8}.Debug|iPhone.Deploy.0 = Debug|Any CPU
		{AADCCB48-A2B9-4397-8A41-C2E5CA5916C8}.Debug|iPhoneSimulator.ActiveCfg = Debug|Any CPU
		{AADCCB48-A2B9-4397-8A41-C2E5CA5916C8}.Debug|iPhoneSimulator.Build.0 = Debug|Any CPU
		{AADCCB48-A2B9-4397-8A41-C2E5CA5916C8}.Debug|iPhoneSimulator.Deploy.0 = Debug|Any CPU
		{AADCCB48-A2B9-4397-8A41-C2E5CA5916C8}.Debug|x64.ActiveCfg = Debug|Any CPU
		{AADCCB48-A2B9-4397-8A41-C2E5CA5916C8}.Debug|x64.Build.0 = Debug|Any CPU
		{AADCCB48-A2B9-4397-8A41-C2E5CA5916C8}.Debug|x64.Deploy.0 = Debug|Any CPU
		{AADCCB48-A2B9-4397-8A41-C2E5CA5916C8}.Debug|x86.ActiveCfg = Debug|Any CPU
		{AADCCB48-A2B9-4397-8A41-C2E5CA5916C8}.Debug|x86.Build.0 = Debug|Any CPU
		{AADCCB48-A2B9-4397-8A41-C2E5CA5916C8}.Debug|x86.Deploy.0 = Debug|Any CPU
		{AADCCB48-A2B9-4397-8A41-C2E5CA5916C8}.Release|Any CPU.ActiveCfg = Release|Any CPU
		{AADCCB48-A2B9-4397-8A41-C2E5CA5916C8}.Release|Any CPU.Build.0 = Release|Any CPU
		{AADCCB48-A2B9-4397-8A41-C2E5CA5916C8}.Release|Any CPU.Deploy.0 = Release|Any CPU
		{AADCCB48-A2B9-4397-8A41-C2E5CA5916C8}.Release|ARM.ActiveCfg = Release|Any CPU
		{AADCCB48-A2B9-4397-8A41-C2E5CA5916C8}.Release|ARM.Build.0 = Release|Any CPU
		{AADCCB48-A2B9-4397-8A41-C2E5CA5916C8}.Release|ARM.Deploy.0 = Release|Any CPU
		{AADCCB48-A2B9-4397-8A41-C2E5CA5916C8}.Release|iPhone.ActiveCfg = Release|Any CPU
		{AADCCB48-A2B9-4397-8A41-C2E5CA5916C8}.Release|iPhone.Build.0 = Release|Any CPU
		{AADCCB48-A2B9-4397-8A41-C2E5CA5916C8}.Release|iPhone.Deploy.0 = Release|Any CPU
		{AADCCB48-A2B9-4397-8A41-C2E5CA5916C8}.Release|iPhoneSimulator.ActiveCfg = Release|Any CPU
		{AADCCB48-A2B9-4397-8A41-C2E5CA5916C8}.Release|iPhoneSimulator.Build.0 = Release|Any CPU
		{AADCCB48-A2B9-4397-8A41-C2E5CA5916C8}.Release|iPhoneSimulator.Deploy.0 = Release|Any CPU
		{AADCCB48-A2B9-4397-8A41-C2E5CA5916C8}.Release|x64.ActiveCfg = Release|Any CPU
		{AADCCB48-A2B9-4397-8A41-C2E5CA5916C8}.Release|x64.Build.0 = Release|Any CPU
		{AADCCB48-A2B9-4397-8A41-C2E5CA5916C8}.Release|x64.Deploy.0 = Release|Any CPU
		{AADCCB48-A2B9-4397-8A41-C2E5CA5916C8}.Release|x86.ActiveCfg = Release|Any CPU
		{AADCCB48-A2B9-4397-8A41-C2E5CA5916C8}.Release|x86.Build.0 = Release|Any CPU
		{AADCCB48-A2B9-4397-8A41-C2E5CA5916C8}.Release|x86.Deploy.0 = Release|Any CPU
		{07B4B52B-AB8E-44D6-B69C-BB92987864B2}.Ad-Hoc|Any CPU.ActiveCfg = Ad-Hoc|iPhone
		{07B4B52B-AB8E-44D6-B69C-BB92987864B2}.Ad-Hoc|ARM.ActiveCfg = Ad-Hoc|iPhone
		{07B4B52B-AB8E-44D6-B69C-BB92987864B2}.Ad-Hoc|iPhone.ActiveCfg = Ad-Hoc|iPhone
		{07B4B52B-AB8E-44D6-B69C-BB92987864B2}.Ad-Hoc|iPhone.Build.0 = Ad-Hoc|iPhone
		{07B4B52B-AB8E-44D6-B69C-BB92987864B2}.Ad-Hoc|iPhoneSimulator.ActiveCfg = Ad-Hoc|iPhoneSimulator
		{07B4B52B-AB8E-44D6-B69C-BB92987864B2}.Ad-Hoc|iPhoneSimulator.Build.0 = Ad-Hoc|iPhoneSimulator
		{07B4B52B-AB8E-44D6-B69C-BB92987864B2}.Ad-Hoc|x64.ActiveCfg = Ad-Hoc|iPhone
		{07B4B52B-AB8E-44D6-B69C-BB92987864B2}.Ad-Hoc|x86.ActiveCfg = Ad-Hoc|iPhone
		{07B4B52B-AB8E-44D6-B69C-BB92987864B2}.AppStore|Any CPU.ActiveCfg = AppStore|iPhone
		{07B4B52B-AB8E-44D6-B69C-BB92987864B2}.AppStore|ARM.ActiveCfg = AppStore|iPhone
		{07B4B52B-AB8E-44D6-B69C-BB92987864B2}.AppStore|iPhone.ActiveCfg = AppStore|iPhone
		{07B4B52B-AB8E-44D6-B69C-BB92987864B2}.AppStore|iPhone.Build.0 = AppStore|iPhone
		{07B4B52B-AB8E-44D6-B69C-BB92987864B2}.AppStore|iPhoneSimulator.ActiveCfg = AppStore|iPhoneSimulator
		{07B4B52B-AB8E-44D6-B69C-BB92987864B2}.AppStore|iPhoneSimulator.Build.0 = AppStore|iPhoneSimulator
		{07B4B52B-AB8E-44D6-B69C-BB92987864B2}.AppStore|x64.ActiveCfg = AppStore|iPhone
		{07B4B52B-AB8E-44D6-B69C-BB92987864B2}.AppStore|x86.ActiveCfg = AppStore|iPhone
		{07B4B52B-AB8E-44D6-B69C-BB92987864B2}.Debug|Any CPU.ActiveCfg = Debug|iPhone
		{07B4B52B-AB8E-44D6-B69C-BB92987864B2}.Debug|ARM.ActiveCfg = Debug|iPhone
		{07B4B52B-AB8E-44D6-B69C-BB92987864B2}.Debug|iPhone.ActiveCfg = Debug|iPhone
		{07B4B52B-AB8E-44D6-B69C-BB92987864B2}.Debug|iPhone.Build.0 = Debug|iPhone
		{07B4B52B-AB8E-44D6-B69C-BB92987864B2}.Debug|iPhoneSimulator.ActiveCfg = Debug|iPhoneSimulator
		{07B4B52B-AB8E-44D6-B69C-BB92987864B2}.Debug|iPhoneSimulator.Build.0 = Debug|iPhoneSimulator
		{07B4B52B-AB8E-44D6-B69C-BB92987864B2}.Debug|x64.ActiveCfg = Debug|iPhone
		{07B4B52B-AB8E-44D6-B69C-BB92987864B2}.Debug|x86.ActiveCfg = Debug|iPhone
		{07B4B52B-AB8E-44D6-B69C-BB92987864B2}.Release|Any CPU.ActiveCfg = Release|iPhone
		{07B4B52B-AB8E-44D6-B69C-BB92987864B2}.Release|ARM.ActiveCfg = Release|iPhone
		{07B4B52B-AB8E-44D6-B69C-BB92987864B2}.Release|iPhone.ActiveCfg = Release|iPhone
		{07B4B52B-AB8E-44D6-B69C-BB92987864B2}.Release|iPhone.Build.0 = Release|iPhone
		{07B4B52B-AB8E-44D6-B69C-BB92987864B2}.Release|iPhoneSimulator.ActiveCfg = Release|iPhoneSimulator
		{07B4B52B-AB8E-44D6-B69C-BB92987864B2}.Release|iPhoneSimulator.Build.0 = Release|iPhoneSimulator
		{07B4B52B-AB8E-44D6-B69C-BB92987864B2}.Release|x64.ActiveCfg = Release|iPhone
		{07B4B52B-AB8E-44D6-B69C-BB92987864B2}.Release|x86.ActiveCfg = Release|iPhone
		{BC4D03E5-1B62-4F23-B3BA-F136DBE2D2B5}.Ad-Hoc|Any CPU.ActiveCfg = Release|x86
		{BC4D03E5-1B62-4F23-B3BA-F136DBE2D2B5}.Ad-Hoc|Any CPU.Build.0 = Release|x86
		{BC4D03E5-1B62-4F23-B3BA-F136DBE2D2B5}.Ad-Hoc|Any CPU.Deploy.0 = Release|x86
		{BC4D03E5-1B62-4F23-B3BA-F136DBE2D2B5}.Ad-Hoc|ARM.ActiveCfg = Release|ARM
		{BC4D03E5-1B62-4F23-B3BA-F136DBE2D2B5}.Ad-Hoc|ARM.Build.0 = Release|ARM
		{BC4D03E5-1B62-4F23-B3BA-F136DBE2D2B5}.Ad-Hoc|ARM.Deploy.0 = Release|ARM
		{BC4D03E5-1B62-4F23-B3BA-F136DBE2D2B5}.Ad-Hoc|iPhone.ActiveCfg = Release|x86
		{BC4D03E5-1B62-4F23-B3BA-F136DBE2D2B5}.Ad-Hoc|iPhone.Build.0 = Release|x86
		{BC4D03E5-1B62-4F23-B3BA-F136DBE2D2B5}.Ad-Hoc|iPhone.Deploy.0 = Release|x86
		{BC4D03E5-1B62-4F23-B3BA-F136DBE2D2B5}.Ad-Hoc|iPhoneSimulator.ActiveCfg = Release|x86
		{BC4D03E5-1B62-4F23-B3BA-F136DBE2D2B5}.Ad-Hoc|iPhoneSimulator.Build.0 = Release|x86
		{BC4D03E5-1B62-4F23-B3BA-F136DBE2D2B5}.Ad-Hoc|iPhoneSimulator.Deploy.0 = Release|x86
		{BC4D03E5-1B62-4F23-B3BA-F136DBE2D2B5}.Ad-Hoc|x64.ActiveCfg = Release|x64
		{BC4D03E5-1B62-4F23-B3BA-F136DBE2D2B5}.Ad-Hoc|x64.Build.0 = Release|x64
		{BC4D03E5-1B62-4F23-B3BA-F136DBE2D2B5}.Ad-Hoc|x64.Deploy.0 = Release|x64
		{BC4D03E5-1B62-4F23-B3BA-F136DBE2D2B5}.Ad-Hoc|x86.ActiveCfg = Release|x86
		{BC4D03E5-1B62-4F23-B3BA-F136DBE2D2B5}.Ad-Hoc|x86.Build.0 = Release|x86
		{BC4D03E5-1B62-4F23-B3BA-F136DBE2D2B5}.Ad-Hoc|x86.Deploy.0 = Release|x86
		{BC4D03E5-1B62-4F23-B3BA-F136DBE2D2B5}.AppStore|Any CPU.ActiveCfg = Release|x86
		{BC4D03E5-1B62-4F23-B3BA-F136DBE2D2B5}.AppStore|Any CPU.Build.0 = Release|x86
		{BC4D03E5-1B62-4F23-B3BA-F136DBE2D2B5}.AppStore|Any CPU.Deploy.0 = Release|x86
		{BC4D03E5-1B62-4F23-B3BA-F136DBE2D2B5}.AppStore|ARM.ActiveCfg = Release|ARM
		{BC4D03E5-1B62-4F23-B3BA-F136DBE2D2B5}.AppStore|ARM.Build.0 = Release|ARM
		{BC4D03E5-1B62-4F23-B3BA-F136DBE2D2B5}.AppStore|ARM.Deploy.0 = Release|ARM
		{BC4D03E5-1B62-4F23-B3BA-F136DBE2D2B5}.AppStore|iPhone.ActiveCfg = Release|x86
		{BC4D03E5-1B62-4F23-B3BA-F136DBE2D2B5}.AppStore|iPhone.Build.0 = Release|x86
		{BC4D03E5-1B62-4F23-B3BA-F136DBE2D2B5}.AppStore|iPhone.Deploy.0 = Release|x86
		{BC4D03E5-1B62-4F23-B3BA-F136DBE2D2B5}.AppStore|iPhoneSimulator.ActiveCfg = Release|x86
		{BC4D03E5-1B62-4F23-B3BA-F136DBE2D2B5}.AppStore|iPhoneSimulator.Build.0 = Release|x86
		{BC4D03E5-1B62-4F23-B3BA-F136DBE2D2B5}.AppStore|iPhoneSimulator.Deploy.0 = Release|x86
		{BC4D03E5-1B62-4F23-B3BA-F136DBE2D2B5}.AppStore|x64.ActiveCfg = Release|x64
		{BC4D03E5-1B62-4F23-B3BA-F136DBE2D2B5}.AppStore|x64.Build.0 = Release|x64
		{BC4D03E5-1B62-4F23-B3BA-F136DBE2D2B5}.AppStore|x64.Deploy.0 = Release|x64
		{BC4D03E5-1B62-4F23-B3BA-F136DBE2D2B5}.AppStore|x86.ActiveCfg = Release|x86
		{BC4D03E5-1B62-4F23-B3BA-F136DBE2D2B5}.AppStore|x86.Build.0 = Release|x86
		{BC4D03E5-1B62-4F23-B3BA-F136DBE2D2B5}.AppStore|x86.Deploy.0 = Release|x86
		{BC4D03E5-1B62-4F23-B3BA-F136DBE2D2B5}.Debug|Any CPU.ActiveCfg = Debug|x86
		{BC4D03E5-1B62-4F23-B3BA-F136DBE2D2B5}.Debug|ARM.ActiveCfg = Debug|ARM
		{BC4D03E5-1B62-4F23-B3BA-F136DBE2D2B5}.Debug|ARM.Build.0 = Debug|ARM
		{BC4D03E5-1B62-4F23-B3BA-F136DBE2D2B5}.Debug|ARM.Deploy.0 = Debug|ARM
		{BC4D03E5-1B62-4F23-B3BA-F136DBE2D2B5}.Debug|iPhone.ActiveCfg = Debug|x86
		{BC4D03E5-1B62-4F23-B3BA-F136DBE2D2B5}.Debug|iPhoneSimulator.ActiveCfg = Debug|x86
		{BC4D03E5-1B62-4F23-B3BA-F136DBE2D2B5}.Debug|x64.ActiveCfg = Debug|x64
		{BC4D03E5-1B62-4F23-B3BA-F136DBE2D2B5}.Debug|x64.Build.0 = Debug|x64
		{BC4D03E5-1B62-4F23-B3BA-F136DBE2D2B5}.Debug|x64.Deploy.0 = Debug|x64
		{BC4D03E5-1B62-4F23-B3BA-F136DBE2D2B5}.Debug|x86.ActiveCfg = Debug|x86
		{BC4D03E5-1B62-4F23-B3BA-F136DBE2D2B5}.Debug|x86.Build.0 = Debug|x86
		{BC4D03E5-1B62-4F23-B3BA-F136DBE2D2B5}.Debug|x86.Deploy.0 = Debug|x86
		{BC4D03E5-1B62-4F23-B3BA-F136DBE2D2B5}.Release|Any CPU.ActiveCfg = Release|x86
		{BC4D03E5-1B62-4F23-B3BA-F136DBE2D2B5}.Release|ARM.ActiveCfg = Release|ARM
		{BC4D03E5-1B62-4F23-B3BA-F136DBE2D2B5}.Release|ARM.Build.0 = Release|ARM
		{BC4D03E5-1B62-4F23-B3BA-F136DBE2D2B5}.Release|ARM.Deploy.0 = Release|ARM
		{BC4D03E5-1B62-4F23-B3BA-F136DBE2D2B5}.Release|iPhone.ActiveCfg = Release|x86
		{BC4D03E5-1B62-4F23-B3BA-F136DBE2D2B5}.Release|iPhoneSimulator.ActiveCfg = Release|x86
		{BC4D03E5-1B62-4F23-B3BA-F136DBE2D2B5}.Release|x64.ActiveCfg = Release|x64
		{BC4D03E5-1B62-4F23-B3BA-F136DBE2D2B5}.Release|x64.Build.0 = Release|x64
		{BC4D03E5-1B62-4F23-B3BA-F136DBE2D2B5}.Release|x64.Deploy.0 = Release|x64
		{BC4D03E5-1B62-4F23-B3BA-F136DBE2D2B5}.Release|x86.ActiveCfg = Release|x86
		{BC4D03E5-1B62-4F23-B3BA-F136DBE2D2B5}.Release|x86.Build.0 = Release|x86
		{BC4D03E5-1B62-4F23-B3BA-F136DBE2D2B5}.Release|x86.Deploy.0 = Release|x86
		{6D9E71C8-88B8-4996-B4E8-426981FAC3CE}.Ad-Hoc|Any CPU.ActiveCfg = Debug|Any CPU
		{6D9E71C8-88B8-4996-B4E8-426981FAC3CE}.Ad-Hoc|Any CPU.Build.0 = Debug|Any CPU
		{6D9E71C8-88B8-4996-B4E8-426981FAC3CE}.Ad-Hoc|ARM.ActiveCfg = Debug|Any CPU
		{6D9E71C8-88B8-4996-B4E8-426981FAC3CE}.Ad-Hoc|ARM.Build.0 = Debug|Any CPU
		{6D9E71C8-88B8-4996-B4E8-426981FAC3CE}.Ad-Hoc|iPhone.ActiveCfg = Debug|Any CPU
		{6D9E71C8-88B8-4996-B4E8-426981FAC3CE}.Ad-Hoc|iPhone.Build.0 = Debug|Any CPU
		{6D9E71C8-88B8-4996-B4E8-426981FAC3CE}.Ad-Hoc|iPhoneSimulator.ActiveCfg = Debug|Any CPU
		{6D9E71C8-88B8-4996-B4E8-426981FAC3CE}.Ad-Hoc|iPhoneSimulator.Build.0 = Debug|Any CPU
		{6D9E71C8-88B8-4996-B4E8-426981FAC3CE}.Ad-Hoc|x64.ActiveCfg = Debug|Any CPU
		{6D9E71C8-88B8-4996-B4E8-426981FAC3CE}.Ad-Hoc|x64.Build.0 = Debug|Any CPU
		{6D9E71C8-88B8-4996-B4E8-426981FAC3CE}.Ad-Hoc|x86.ActiveCfg = Debug|Any CPU
		{6D9E71C8-88B8-4996-B4E8-426981FAC3CE}.Ad-Hoc|x86.Build.0 = Debug|Any CPU
		{6D9E71C8-88B8-4996-B4E8-426981FAC3CE}.AppStore|Any CPU.ActiveCfg = Debug|Any CPU
		{6D9E71C8-88B8-4996-B4E8-426981FAC3CE}.AppStore|Any CPU.Build.0 = Debug|Any CPU
		{6D9E71C8-88B8-4996-B4E8-426981FAC3CE}.AppStore|ARM.ActiveCfg = Debug|Any CPU
		{6D9E71C8-88B8-4996-B4E8-426981FAC3CE}.AppStore|ARM.Build.0 = Debug|Any CPU
		{6D9E71C8-88B8-4996-B4E8-426981FAC3CE}.AppStore|iPhone.ActiveCfg = Debug|Any CPU
		{6D9E71C8-88B8-4996-B4E8-426981FAC3CE}.AppStore|iPhone.Build.0 = Debug|Any CPU
		{6D9E71C8-88B8-4996-B4E8-426981FAC3CE}.AppStore|iPhoneSimulator.ActiveCfg = Debug|Any CPU
		{6D9E71C8-88B8-4996-B4E8-426981FAC3CE}.AppStore|iPhoneSimulator.Build.0 = Debug|Any CPU
		{6D9E71C8-88B8-4996-B4E8-426981FAC3CE}.AppStore|x64.ActiveCfg = Debug|Any CPU
		{6D9E71C8-88B8-4996-B4E8-426981FAC3CE}.AppStore|x64.Build.0 = Debug|Any CPU
		{6D9E71C8-88B8-4996-B4E8-426981FAC3CE}.AppStore|x86.ActiveCfg = Debug|Any CPU
		{6D9E71C8-88B8-4996-B4E8-426981FAC3CE}.AppStore|x86.Build.0 = Debug|Any CPU
		{6D9E71C8-88B8-4996-B4E8-426981FAC3CE}.Debug|Any CPU.ActiveCfg = Debug|Any CPU
		{6D9E71C8-88B8-4996-B4E8-426981FAC3CE}.Debug|Any CPU.Build.0 = Debug|Any CPU
		{6D9E71C8-88B8-4996-B4E8-426981FAC3CE}.Debug|ARM.ActiveCfg = Debug|Any CPU
		{6D9E71C8-88B8-4996-B4E8-426981FAC3CE}.Debug|ARM.Build.0 = Debug|Any CPU
		{6D9E71C8-88B8-4996-B4E8-426981FAC3CE}.Debug|iPhone.ActiveCfg = Debug|Any CPU
		{6D9E71C8-88B8-4996-B4E8-426981FAC3CE}.Debug|iPhone.Build.0 = Debug|Any CPU
		{6D9E71C8-88B8-4996-B4E8-426981FAC3CE}.Debug|iPhoneSimulator.ActiveCfg = Debug|Any CPU
		{6D9E71C8-88B8-4996-B4E8-426981FAC3CE}.Debug|iPhoneSimulator.Build.0 = Debug|Any CPU
		{6D9E71C8-88B8-4996-B4E8-426981FAC3CE}.Debug|x64.ActiveCfg = Debug|Any CPU
		{6D9E71C8-88B8-4996-B4E8-426981FAC3CE}.Debug|x64.Build.0 = Debug|Any CPU
		{6D9E71C8-88B8-4996-B4E8-426981FAC3CE}.Debug|x86.ActiveCfg = Debug|Any CPU
		{6D9E71C8-88B8-4996-B4E8-426981FAC3CE}.Debug|x86.Build.0 = Debug|Any CPU
		{6D9E71C8-88B8-4996-B4E8-426981FAC3CE}.Release|Any CPU.ActiveCfg = Release|Any CPU
		{6D9E71C8-88B8-4996-B4E8-426981FAC3CE}.Release|Any CPU.Build.0 = Release|Any CPU
		{6D9E71C8-88B8-4996-B4E8-426981FAC3CE}.Release|ARM.ActiveCfg = Release|Any CPU
		{6D9E71C8-88B8-4996-B4E8-426981FAC3CE}.Release|ARM.Build.0 = Release|Any CPU
		{6D9E71C8-88B8-4996-B4E8-426981FAC3CE}.Release|iPhone.ActiveCfg = Release|Any CPU
		{6D9E71C8-88B8-4996-B4E8-426981FAC3CE}.Release|iPhone.Build.0 = Release|Any CPU
		{6D9E71C8-88B8-4996-B4E8-426981FAC3CE}.Release|iPhoneSimulator.ActiveCfg = Release|Any CPU
		{6D9E71C8-88B8-4996-B4E8-426981FAC3CE}.Release|iPhoneSimulator.Build.0 = Release|Any CPU
		{6D9E71C8-88B8-4996-B4E8-426981FAC3CE}.Release|x64.ActiveCfg = Release|Any CPU
		{6D9E71C8-88B8-4996-B4E8-426981FAC3CE}.Release|x64.Build.0 = Release|Any CPU
		{6D9E71C8-88B8-4996-B4E8-426981FAC3CE}.Release|x86.ActiveCfg = Release|Any CPU
		{6D9E71C8-88B8-4996-B4E8-426981FAC3CE}.Release|x86.Build.0 = Release|Any CPU
		{ABF57A0E-F2B4-4E80-BFDE-FF319BA473DF}.Ad-Hoc|Any CPU.ActiveCfg = Debug|Any CPU
		{ABF57A0E-F2B4-4E80-BFDE-FF319BA473DF}.Ad-Hoc|Any CPU.Build.0 = Debug|Any CPU
		{ABF57A0E-F2B4-4E80-BFDE-FF319BA473DF}.Ad-Hoc|ARM.ActiveCfg = Debug|Any CPU
		{ABF57A0E-F2B4-4E80-BFDE-FF319BA473DF}.Ad-Hoc|ARM.Build.0 = Debug|Any CPU
		{ABF57A0E-F2B4-4E80-BFDE-FF319BA473DF}.Ad-Hoc|iPhone.ActiveCfg = Debug|Any CPU
		{ABF57A0E-F2B4-4E80-BFDE-FF319BA473DF}.Ad-Hoc|iPhone.Build.0 = Debug|Any CPU
		{ABF57A0E-F2B4-4E80-BFDE-FF319BA473DF}.Ad-Hoc|iPhoneSimulator.ActiveCfg = Debug|Any CPU
		{ABF57A0E-F2B4-4E80-BFDE-FF319BA473DF}.Ad-Hoc|iPhoneSimulator.Build.0 = Debug|Any CPU
		{ABF57A0E-F2B4-4E80-BFDE-FF319BA473DF}.Ad-Hoc|x64.ActiveCfg = Debug|Any CPU
		{ABF57A0E-F2B4-4E80-BFDE-FF319BA473DF}.Ad-Hoc|x64.Build.0 = Debug|Any CPU
		{ABF57A0E-F2B4-4E80-BFDE-FF319BA473DF}.Ad-Hoc|x86.ActiveCfg = Debug|Any CPU
		{ABF57A0E-F2B4-4E80-BFDE-FF319BA473DF}.Ad-Hoc|x86.Build.0 = Debug|Any CPU
		{ABF57A0E-F2B4-4E80-BFDE-FF319BA473DF}.AppStore|Any CPU.ActiveCfg = Debug|Any CPU
		{ABF57A0E-F2B4-4E80-BFDE-FF319BA473DF}.AppStore|Any CPU.Build.0 = Debug|Any CPU
		{ABF57A0E-F2B4-4E80-BFDE-FF319BA473DF}.AppStore|ARM.ActiveCfg = Debug|Any CPU
		{ABF57A0E-F2B4-4E80-BFDE-FF319BA473DF}.AppStore|ARM.Build.0 = Debug|Any CPU
		{ABF57A0E-F2B4-4E80-BFDE-FF319BA473DF}.AppStore|iPhone.ActiveCfg = Debug|Any CPU
		{ABF57A0E-F2B4-4E80-BFDE-FF319BA473DF}.AppStore|iPhone.Build.0 = Debug|Any CPU
		{ABF57A0E-F2B4-4E80-BFDE-FF319BA473DF}.AppStore|iPhoneSimulator.ActiveCfg = Debug|Any CPU
		{ABF57A0E-F2B4-4E80-BFDE-FF319BA473DF}.AppStore|iPhoneSimulator.Build.0 = Debug|Any CPU
		{ABF57A0E-F2B4-4E80-BFDE-FF319BA473DF}.AppStore|x64.ActiveCfg = Debug|Any CPU
		{ABF57A0E-F2B4-4E80-BFDE-FF319BA473DF}.AppStore|x64.Build.0 = Debug|Any CPU
		{ABF57A0E-F2B4-4E80-BFDE-FF319BA473DF}.AppStore|x86.ActiveCfg = Debug|Any CPU
		{ABF57A0E-F2B4-4E80-BFDE-FF319BA473DF}.AppStore|x86.Build.0 = Debug|Any CPU
		{ABF57A0E-F2B4-4E80-BFDE-FF319BA473DF}.Debug|Any CPU.ActiveCfg = Debug|Any CPU
		{ABF57A0E-F2B4-4E80-BFDE-FF319BA473DF}.Debug|Any CPU.Build.0 = Debug|Any CPU
		{ABF57A0E-F2B4-4E80-BFDE-FF319BA473DF}.Debug|ARM.ActiveCfg = Debug|Any CPU
		{ABF57A0E-F2B4-4E80-BFDE-FF319BA473DF}.Debug|ARM.Build.0 = Debug|Any CPU
		{ABF57A0E-F2B4-4E80-BFDE-FF319BA473DF}.Debug|iPhone.ActiveCfg = Debug|Any CPU
		{ABF57A0E-F2B4-4E80-BFDE-FF319BA473DF}.Debug|iPhone.Build.0 = Debug|Any CPU
		{ABF57A0E-F2B4-4E80-BFDE-FF319BA473DF}.Debug|iPhoneSimulator.ActiveCfg = Debug|Any CPU
		{ABF57A0E-F2B4-4E80-BFDE-FF319BA473DF}.Debug|iPhoneSimulator.Build.0 = Debug|Any CPU
		{ABF57A0E-F2B4-4E80-BFDE-FF319BA473DF}.Debug|x64.ActiveCfg = Debug|Any CPU
		{ABF57A0E-F2B4-4E80-BFDE-FF319BA473DF}.Debug|x64.Build.0 = Debug|Any CPU
		{ABF57A0E-F2B4-4E80-BFDE-FF319BA473DF}.Debug|x86.ActiveCfg = Debug|Any CPU
		{ABF57A0E-F2B4-4E80-BFDE-FF319BA473DF}.Debug|x86.Build.0 = Debug|Any CPU
		{ABF57A0E-F2B4-4E80-BFDE-FF319BA473DF}.Release|Any CPU.ActiveCfg = Release|Any CPU
		{ABF57A0E-F2B4-4E80-BFDE-FF319BA473DF}.Release|Any CPU.Build.0 = Release|Any CPU
		{ABF57A0E-F2B4-4E80-BFDE-FF319BA473DF}.Release|ARM.ActiveCfg = Release|Any CPU
		{ABF57A0E-F2B4-4E80-BFDE-FF319BA473DF}.Release|ARM.Build.0 = Release|Any CPU
		{ABF57A0E-F2B4-4E80-BFDE-FF319BA473DF}.Release|iPhone.ActiveCfg = Release|Any CPU
		{ABF57A0E-F2B4-4E80-BFDE-FF319BA473DF}.Release|iPhone.Build.0 = Release|Any CPU
		{ABF57A0E-F2B4-4E80-BFDE-FF319BA473DF}.Release|iPhoneSimulator.ActiveCfg = Release|Any CPU
		{ABF57A0E-F2B4-4E80-BFDE-FF319BA473DF}.Release|iPhoneSimulator.Build.0 = Release|Any CPU
		{ABF57A0E-F2B4-4E80-BFDE-FF319BA473DF}.Release|x64.ActiveCfg = Release|Any CPU
		{ABF57A0E-F2B4-4E80-BFDE-FF319BA473DF}.Release|x64.Build.0 = Release|Any CPU
		{ABF57A0E-F2B4-4E80-BFDE-FF319BA473DF}.Release|x86.ActiveCfg = Release|Any CPU
		{ABF57A0E-F2B4-4E80-BFDE-FF319BA473DF}.Release|x86.Build.0 = Release|Any CPU
		{5949A63E-EF1D-4039-A9E1-7AE977C6F67D}.Ad-Hoc|Any CPU.ActiveCfg = Debug|Any CPU
		{5949A63E-EF1D-4039-A9E1-7AE977C6F67D}.Ad-Hoc|Any CPU.Build.0 = Debug|Any CPU
		{5949A63E-EF1D-4039-A9E1-7AE977C6F67D}.Ad-Hoc|ARM.ActiveCfg = Debug|Any CPU
		{5949A63E-EF1D-4039-A9E1-7AE977C6F67D}.Ad-Hoc|ARM.Build.0 = Debug|Any CPU
		{5949A63E-EF1D-4039-A9E1-7AE977C6F67D}.Ad-Hoc|iPhone.ActiveCfg = Debug|Any CPU
		{5949A63E-EF1D-4039-A9E1-7AE977C6F67D}.Ad-Hoc|iPhone.Build.0 = Debug|Any CPU
		{5949A63E-EF1D-4039-A9E1-7AE977C6F67D}.Ad-Hoc|iPhoneSimulator.ActiveCfg = Debug|Any CPU
		{5949A63E-EF1D-4039-A9E1-7AE977C6F67D}.Ad-Hoc|iPhoneSimulator.Build.0 = Debug|Any CPU
		{5949A63E-EF1D-4039-A9E1-7AE977C6F67D}.Ad-Hoc|x64.ActiveCfg = Debug|Any CPU
		{5949A63E-EF1D-4039-A9E1-7AE977C6F67D}.Ad-Hoc|x64.Build.0 = Debug|Any CPU
		{5949A63E-EF1D-4039-A9E1-7AE977C6F67D}.Ad-Hoc|x86.ActiveCfg = Debug|Any CPU
		{5949A63E-EF1D-4039-A9E1-7AE977C6F67D}.Ad-Hoc|x86.Build.0 = Debug|Any CPU
		{5949A63E-EF1D-4039-A9E1-7AE977C6F67D}.AppStore|Any CPU.ActiveCfg = Debug|Any CPU
		{5949A63E-EF1D-4039-A9E1-7AE977C6F67D}.AppStore|Any CPU.Build.0 = Debug|Any CPU
		{5949A63E-EF1D-4039-A9E1-7AE977C6F67D}.AppStore|ARM.ActiveCfg = Debug|Any CPU
		{5949A63E-EF1D-4039-A9E1-7AE977C6F67D}.AppStore|ARM.Build.0 = Debug|Any CPU
		{5949A63E-EF1D-4039-A9E1-7AE977C6F67D}.AppStore|iPhone.ActiveCfg = Debug|Any CPU
		{5949A63E-EF1D-4039-A9E1-7AE977C6F67D}.AppStore|iPhone.Build.0 = Debug|Any CPU
		{5949A63E-EF1D-4039-A9E1-7AE977C6F67D}.AppStore|iPhoneSimulator.ActiveCfg = Debug|Any CPU
		{5949A63E-EF1D-4039-A9E1-7AE977C6F67D}.AppStore|iPhoneSimulator.Build.0 = Debug|Any CPU
		{5949A63E-EF1D-4039-A9E1-7AE977C6F67D}.AppStore|x64.ActiveCfg = Debug|Any CPU
		{5949A63E-EF1D-4039-A9E1-7AE977C6F67D}.AppStore|x64.Build.0 = Debug|Any CPU
		{5949A63E-EF1D-4039-A9E1-7AE977C6F67D}.AppStore|x86.ActiveCfg = Debug|Any CPU
		{5949A63E-EF1D-4039-A9E1-7AE977C6F67D}.AppStore|x86.Build.0 = Debug|Any CPU
		{5949A63E-EF1D-4039-A9E1-7AE977C6F67D}.Debug|Any CPU.ActiveCfg = Debug|Any CPU
		{5949A63E-EF1D-4039-A9E1-7AE977C6F67D}.Debug|Any CPU.Build.0 = Debug|Any CPU
		{5949A63E-EF1D-4039-A9E1-7AE977C6F67D}.Debug|ARM.ActiveCfg = Debug|Any CPU
		{5949A63E-EF1D-4039-A9E1-7AE977C6F67D}.Debug|ARM.Build.0 = Debug|Any CPU
		{5949A63E-EF1D-4039-A9E1-7AE977C6F67D}.Debug|iPhone.ActiveCfg = Debug|Any CPU
		{5949A63E-EF1D-4039-A9E1-7AE977C6F67D}.Debug|iPhone.Build.0 = Debug|Any CPU
		{5949A63E-EF1D-4039-A9E1-7AE977C6F67D}.Debug|iPhoneSimulator.ActiveCfg = Debug|Any CPU
		{5949A63E-EF1D-4039-A9E1-7AE977C6F67D}.Debug|iPhoneSimulator.Build.0 = Debug|Any CPU
		{5949A63E-EF1D-4039-A9E1-7AE977C6F67D}.Debug|x64.ActiveCfg = Debug|Any CPU
		{5949A63E-EF1D-4039-A9E1-7AE977C6F67D}.Debug|x64.Build.0 = Debug|Any CPU
		{5949A63E-EF1D-4039-A9E1-7AE977C6F67D}.Debug|x86.ActiveCfg = Debug|Any CPU
		{5949A63E-EF1D-4039-A9E1-7AE977C6F67D}.Debug|x86.Build.0 = Debug|Any CPU
		{5949A63E-EF1D-4039-A9E1-7AE977C6F67D}.Release|Any CPU.ActiveCfg = Release|Any CPU
		{5949A63E-EF1D-4039-A9E1-7AE977C6F67D}.Release|Any CPU.Build.0 = Release|Any CPU
		{5949A63E-EF1D-4039-A9E1-7AE977C6F67D}.Release|ARM.ActiveCfg = Release|Any CPU
		{5949A63E-EF1D-4039-A9E1-7AE977C6F67D}.Release|ARM.Build.0 = Release|Any CPU
		{5949A63E-EF1D-4039-A9E1-7AE977C6F67D}.Release|iPhone.ActiveCfg = Release|Any CPU
		{5949A63E-EF1D-4039-A9E1-7AE977C6F67D}.Release|iPhone.Build.0 = Release|Any CPU
		{5949A63E-EF1D-4039-A9E1-7AE977C6F67D}.Release|iPhoneSimulator.ActiveCfg = Release|Any CPU
		{5949A63E-EF1D-4039-A9E1-7AE977C6F67D}.Release|iPhoneSimulator.Build.0 = Release|Any CPU
		{5949A63E-EF1D-4039-A9E1-7AE977C6F67D}.Release|x64.ActiveCfg = Release|Any CPU
		{5949A63E-EF1D-4039-A9E1-7AE977C6F67D}.Release|x64.Build.0 = Release|Any CPU
		{5949A63E-EF1D-4039-A9E1-7AE977C6F67D}.Release|x86.ActiveCfg = Release|Any CPU
		{5949A63E-EF1D-4039-A9E1-7AE977C6F67D}.Release|x86.Build.0 = Release|Any CPU
		{4E2E5D6E-848A-45B1-8814-85C16983566E}.Ad-Hoc|Any CPU.ActiveCfg = Debug|Any CPU
		{4E2E5D6E-848A-45B1-8814-85C16983566E}.Ad-Hoc|Any CPU.Build.0 = Debug|Any CPU
		{4E2E5D6E-848A-45B1-8814-85C16983566E}.Ad-Hoc|ARM.ActiveCfg = Debug|Any CPU
		{4E2E5D6E-848A-45B1-8814-85C16983566E}.Ad-Hoc|ARM.Build.0 = Debug|Any CPU
		{4E2E5D6E-848A-45B1-8814-85C16983566E}.Ad-Hoc|iPhone.ActiveCfg = Debug|Any CPU
		{4E2E5D6E-848A-45B1-8814-85C16983566E}.Ad-Hoc|iPhone.Build.0 = Debug|Any CPU
		{4E2E5D6E-848A-45B1-8814-85C16983566E}.Ad-Hoc|iPhoneSimulator.ActiveCfg = Debug|Any CPU
		{4E2E5D6E-848A-45B1-8814-85C16983566E}.Ad-Hoc|iPhoneSimulator.Build.0 = Debug|Any CPU
		{4E2E5D6E-848A-45B1-8814-85C16983566E}.Ad-Hoc|x64.ActiveCfg = Debug|Any CPU
		{4E2E5D6E-848A-45B1-8814-85C16983566E}.Ad-Hoc|x64.Build.0 = Debug|Any CPU
		{4E2E5D6E-848A-45B1-8814-85C16983566E}.Ad-Hoc|x86.ActiveCfg = Debug|Any CPU
		{4E2E5D6E-848A-45B1-8814-85C16983566E}.Ad-Hoc|x86.Build.0 = Debug|Any CPU
		{4E2E5D6E-848A-45B1-8814-85C16983566E}.AppStore|Any CPU.ActiveCfg = Debug|Any CPU
		{4E2E5D6E-848A-45B1-8814-85C16983566E}.AppStore|Any CPU.Build.0 = Debug|Any CPU
		{4E2E5D6E-848A-45B1-8814-85C16983566E}.AppStore|ARM.ActiveCfg = Debug|Any CPU
		{4E2E5D6E-848A-45B1-8814-85C16983566E}.AppStore|ARM.Build.0 = Debug|Any CPU
		{4E2E5D6E-848A-45B1-8814-85C16983566E}.AppStore|iPhone.ActiveCfg = Debug|Any CPU
		{4E2E5D6E-848A-45B1-8814-85C16983566E}.AppStore|iPhone.Build.0 = Debug|Any CPU
		{4E2E5D6E-848A-45B1-8814-85C16983566E}.AppStore|iPhoneSimulator.ActiveCfg = Debug|Any CPU
		{4E2E5D6E-848A-45B1-8814-85C16983566E}.AppStore|iPhoneSimulator.Build.0 = Debug|Any CPU
		{4E2E5D6E-848A-45B1-8814-85C16983566E}.AppStore|x64.ActiveCfg = Debug|Any CPU
		{4E2E5D6E-848A-45B1-8814-85C16983566E}.AppStore|x64.Build.0 = Debug|Any CPU
		{4E2E5D6E-848A-45B1-8814-85C16983566E}.AppStore|x86.ActiveCfg = Debug|Any CPU
		{4E2E5D6E-848A-45B1-8814-85C16983566E}.AppStore|x86.Build.0 = Debug|Any CPU
		{4E2E5D6E-848A-45B1-8814-85C16983566E}.Debug|Any CPU.ActiveCfg = Debug|Any CPU
		{4E2E5D6E-848A-45B1-8814-85C16983566E}.Debug|Any CPU.Build.0 = Debug|Any CPU
		{4E2E5D6E-848A-45B1-8814-85C16983566E}.Debug|ARM.ActiveCfg = Debug|Any CPU
		{4E2E5D6E-848A-45B1-8814-85C16983566E}.Debug|ARM.Build.0 = Debug|Any CPU
		{4E2E5D6E-848A-45B1-8814-85C16983566E}.Debug|iPhone.ActiveCfg = Debug|Any CPU
		{4E2E5D6E-848A-45B1-8814-85C16983566E}.Debug|iPhone.Build.0 = Debug|Any CPU
		{4E2E5D6E-848A-45B1-8814-85C16983566E}.Debug|iPhoneSimulator.ActiveCfg = Debug|Any CPU
		{4E2E5D6E-848A-45B1-8814-85C16983566E}.Debug|iPhoneSimulator.Build.0 = Debug|Any CPU
		{4E2E5D6E-848A-45B1-8814-85C16983566E}.Debug|x64.ActiveCfg = Debug|Any CPU
		{4E2E5D6E-848A-45B1-8814-85C16983566E}.Debug|x64.Build.0 = Debug|Any CPU
		{4E2E5D6E-848A-45B1-8814-85C16983566E}.Debug|x86.ActiveCfg = Debug|Any CPU
		{4E2E5D6E-848A-45B1-8814-85C16983566E}.Debug|x86.Build.0 = Debug|Any CPU
		{4E2E5D6E-848A-45B1-8814-85C16983566E}.Release|Any CPU.ActiveCfg = Release|Any CPU
		{4E2E5D6E-848A-45B1-8814-85C16983566E}.Release|Any CPU.Build.0 = Release|Any CPU
		{4E2E5D6E-848A-45B1-8814-85C16983566E}.Release|ARM.ActiveCfg = Release|Any CPU
		{4E2E5D6E-848A-45B1-8814-85C16983566E}.Release|ARM.Build.0 = Release|Any CPU
		{4E2E5D6E-848A-45B1-8814-85C16983566E}.Release|iPhone.ActiveCfg = Release|Any CPU
		{4E2E5D6E-848A-45B1-8814-85C16983566E}.Release|iPhone.Build.0 = Release|Any CPU
		{4E2E5D6E-848A-45B1-8814-85C16983566E}.Release|iPhoneSimulator.ActiveCfg = Release|Any CPU
		{4E2E5D6E-848A-45B1-8814-85C16983566E}.Release|iPhoneSimulator.Build.0 = Release|Any CPU
		{4E2E5D6E-848A-45B1-8814-85C16983566E}.Release|x64.ActiveCfg = Release|Any CPU
		{4E2E5D6E-848A-45B1-8814-85C16983566E}.Release|x64.Build.0 = Release|Any CPU
		{4E2E5D6E-848A-45B1-8814-85C16983566E}.Release|x86.ActiveCfg = Release|Any CPU
		{4E2E5D6E-848A-45B1-8814-85C16983566E}.Release|x86.Build.0 = Release|Any CPU
		{0F721C4C-C734-4D99-9F38-71329B1A4407}.Ad-Hoc|Any CPU.ActiveCfg = Debug|Any CPU
		{0F721C4C-C734-4D99-9F38-71329B1A4407}.Ad-Hoc|Any CPU.Build.0 = Debug|Any CPU
		{0F721C4C-C734-4D99-9F38-71329B1A4407}.Ad-Hoc|ARM.ActiveCfg = Debug|Any CPU
		{0F721C4C-C734-4D99-9F38-71329B1A4407}.Ad-Hoc|ARM.Build.0 = Debug|Any CPU
		{0F721C4C-C734-4D99-9F38-71329B1A4407}.Ad-Hoc|iPhone.ActiveCfg = Debug|Any CPU
		{0F721C4C-C734-4D99-9F38-71329B1A4407}.Ad-Hoc|iPhone.Build.0 = Debug|Any CPU
		{0F721C4C-C734-4D99-9F38-71329B1A4407}.Ad-Hoc|iPhoneSimulator.ActiveCfg = Debug|Any CPU
		{0F721C4C-C734-4D99-9F38-71329B1A4407}.Ad-Hoc|iPhoneSimulator.Build.0 = Debug|Any CPU
		{0F721C4C-C734-4D99-9F38-71329B1A4407}.Ad-Hoc|x64.ActiveCfg = Debug|Any CPU
		{0F721C4C-C734-4D99-9F38-71329B1A4407}.Ad-Hoc|x64.Build.0 = Debug|Any CPU
		{0F721C4C-C734-4D99-9F38-71329B1A4407}.Ad-Hoc|x86.ActiveCfg = Debug|Any CPU
		{0F721C4C-C734-4D99-9F38-71329B1A4407}.Ad-Hoc|x86.Build.0 = Debug|Any CPU
		{0F721C4C-C734-4D99-9F38-71329B1A4407}.AppStore|Any CPU.ActiveCfg = Debug|Any CPU
		{0F721C4C-C734-4D99-9F38-71329B1A4407}.AppStore|Any CPU.Build.0 = Debug|Any CPU
		{0F721C4C-C734-4D99-9F38-71329B1A4407}.AppStore|ARM.ActiveCfg = Debug|Any CPU
		{0F721C4C-C734-4D99-9F38-71329B1A4407}.AppStore|ARM.Build.0 = Debug|Any CPU
		{0F721C4C-C734-4D99-9F38-71329B1A4407}.AppStore|iPhone.ActiveCfg = Debug|Any CPU
		{0F721C4C-C734-4D99-9F38-71329B1A4407}.AppStore|iPhone.Build.0 = Debug|Any CPU
		{0F721C4C-C734-4D99-9F38-71329B1A4407}.AppStore|iPhoneSimulator.ActiveCfg = Debug|Any CPU
		{0F721C4C-C734-4D99-9F38-71329B1A4407}.AppStore|iPhoneSimulator.Build.0 = Debug|Any CPU
		{0F721C4C-C734-4D99-9F38-71329B1A4407}.AppStore|x64.ActiveCfg = Debug|Any CPU
		{0F721C4C-C734-4D99-9F38-71329B1A4407}.AppStore|x64.Build.0 = Debug|Any CPU
		{0F721C4C-C734-4D99-9F38-71329B1A4407}.AppStore|x86.ActiveCfg = Debug|Any CPU
		{0F721C4C-C734-4D99-9F38-71329B1A4407}.AppStore|x86.Build.0 = Debug|Any CPU
		{0F721C4C-C734-4D99-9F38-71329B1A4407}.Debug|Any CPU.ActiveCfg = Debug|Any CPU
		{0F721C4C-C734-4D99-9F38-71329B1A4407}.Debug|Any CPU.Build.0 = Debug|Any CPU
		{0F721C4C-C734-4D99-9F38-71329B1A4407}.Debug|ARM.ActiveCfg = Debug|Any CPU
		{0F721C4C-C734-4D99-9F38-71329B1A4407}.Debug|ARM.Build.0 = Debug|Any CPU
		{0F721C4C-C734-4D99-9F38-71329B1A4407}.Debug|iPhone.ActiveCfg = Debug|Any CPU
		{0F721C4C-C734-4D99-9F38-71329B1A4407}.Debug|iPhone.Build.0 = Debug|Any CPU
		{0F721C4C-C734-4D99-9F38-71329B1A4407}.Debug|iPhoneSimulator.ActiveCfg = Debug|Any CPU
		{0F721C4C-C734-4D99-9F38-71329B1A4407}.Debug|iPhoneSimulator.Build.0 = Debug|Any CPU
		{0F721C4C-C734-4D99-9F38-71329B1A4407}.Debug|x64.ActiveCfg = Debug|Any CPU
		{0F721C4C-C734-4D99-9F38-71329B1A4407}.Debug|x64.Build.0 = Debug|Any CPU
		{0F721C4C-C734-4D99-9F38-71329B1A4407}.Debug|x86.ActiveCfg = Debug|Any CPU
		{0F721C4C-C734-4D99-9F38-71329B1A4407}.Debug|x86.Build.0 = Debug|Any CPU
		{0F721C4C-C734-4D99-9F38-71329B1A4407}.Release|Any CPU.ActiveCfg = Release|Any CPU
		{0F721C4C-C734-4D99-9F38-71329B1A4407}.Release|Any CPU.Build.0 = Release|Any CPU
		{0F721C4C-C734-4D99-9F38-71329B1A4407}.Release|ARM.ActiveCfg = Release|Any CPU
		{0F721C4C-C734-4D99-9F38-71329B1A4407}.Release|ARM.Build.0 = Release|Any CPU
		{0F721C4C-C734-4D99-9F38-71329B1A4407}.Release|iPhone.ActiveCfg = Release|Any CPU
		{0F721C4C-C734-4D99-9F38-71329B1A4407}.Release|iPhone.Build.0 = Release|Any CPU
		{0F721C4C-C734-4D99-9F38-71329B1A4407}.Release|iPhoneSimulator.ActiveCfg = Release|Any CPU
		{0F721C4C-C734-4D99-9F38-71329B1A4407}.Release|iPhoneSimulator.Build.0 = Release|Any CPU
		{0F721C4C-C734-4D99-9F38-71329B1A4407}.Release|x64.ActiveCfg = Release|Any CPU
		{0F721C4C-C734-4D99-9F38-71329B1A4407}.Release|x64.Build.0 = Release|Any CPU
		{0F721C4C-C734-4D99-9F38-71329B1A4407}.Release|x86.ActiveCfg = Release|Any CPU
		{0F721C4C-C734-4D99-9F38-71329B1A4407}.Release|x86.Build.0 = Release|Any CPU
		{EE068FBF-61E8-478B-8157-DF23E596F0A8}.Ad-Hoc|Any CPU.ActiveCfg = Debug|Any CPU
		{EE068FBF-61E8-478B-8157-DF23E596F0A8}.Ad-Hoc|Any CPU.Build.0 = Debug|Any CPU
		{EE068FBF-61E8-478B-8157-DF23E596F0A8}.Ad-Hoc|ARM.ActiveCfg = Debug|Any CPU
		{EE068FBF-61E8-478B-8157-DF23E596F0A8}.Ad-Hoc|ARM.Build.0 = Debug|Any CPU
		{EE068FBF-61E8-478B-8157-DF23E596F0A8}.Ad-Hoc|iPhone.ActiveCfg = Debug|Any CPU
		{EE068FBF-61E8-478B-8157-DF23E596F0A8}.Ad-Hoc|iPhone.Build.0 = Debug|Any CPU
		{EE068FBF-61E8-478B-8157-DF23E596F0A8}.Ad-Hoc|iPhoneSimulator.ActiveCfg = Debug|Any CPU
		{EE068FBF-61E8-478B-8157-DF23E596F0A8}.Ad-Hoc|iPhoneSimulator.Build.0 = Debug|Any CPU
		{EE068FBF-61E8-478B-8157-DF23E596F0A8}.Ad-Hoc|x64.ActiveCfg = Debug|Any CPU
		{EE068FBF-61E8-478B-8157-DF23E596F0A8}.Ad-Hoc|x64.Build.0 = Debug|Any CPU
		{EE068FBF-61E8-478B-8157-DF23E596F0A8}.Ad-Hoc|x86.ActiveCfg = Debug|Any CPU
		{EE068FBF-61E8-478B-8157-DF23E596F0A8}.Ad-Hoc|x86.Build.0 = Debug|Any CPU
		{EE068FBF-61E8-478B-8157-DF23E596F0A8}.AppStore|Any CPU.ActiveCfg = Debug|Any CPU
		{EE068FBF-61E8-478B-8157-DF23E596F0A8}.AppStore|Any CPU.Build.0 = Debug|Any CPU
		{EE068FBF-61E8-478B-8157-DF23E596F0A8}.AppStore|ARM.ActiveCfg = Debug|Any CPU
		{EE068FBF-61E8-478B-8157-DF23E596F0A8}.AppStore|ARM.Build.0 = Debug|Any CPU
		{EE068FBF-61E8-478B-8157-DF23E596F0A8}.AppStore|iPhone.ActiveCfg = Debug|Any CPU
		{EE068FBF-61E8-478B-8157-DF23E596F0A8}.AppStore|iPhone.Build.0 = Debug|Any CPU
		{EE068FBF-61E8-478B-8157-DF23E596F0A8}.AppStore|iPhoneSimulator.ActiveCfg = Debug|Any CPU
		{EE068FBF-61E8-478B-8157-DF23E596F0A8}.AppStore|iPhoneSimulator.Build.0 = Debug|Any CPU
		{EE068FBF-61E8-478B-8157-DF23E596F0A8}.AppStore|x64.ActiveCfg = Debug|Any CPU
		{EE068FBF-61E8-478B-8157-DF23E596F0A8}.AppStore|x64.Build.0 = Debug|Any CPU
		{EE068FBF-61E8-478B-8157-DF23E596F0A8}.AppStore|x86.ActiveCfg = Debug|Any CPU
		{EE068FBF-61E8-478B-8157-DF23E596F0A8}.AppStore|x86.Build.0 = Debug|Any CPU
		{EE068FBF-61E8-478B-8157-DF23E596F0A8}.Debug|Any CPU.ActiveCfg = Debug|Any CPU
		{EE068FBF-61E8-478B-8157-DF23E596F0A8}.Debug|Any CPU.Build.0 = Debug|Any CPU
		{EE068FBF-61E8-478B-8157-DF23E596F0A8}.Debug|ARM.ActiveCfg = Debug|Any CPU
		{EE068FBF-61E8-478B-8157-DF23E596F0A8}.Debug|ARM.Build.0 = Debug|Any CPU
		{EE068FBF-61E8-478B-8157-DF23E596F0A8}.Debug|iPhone.ActiveCfg = Debug|Any CPU
		{EE068FBF-61E8-478B-8157-DF23E596F0A8}.Debug|iPhone.Build.0 = Debug|Any CPU
		{EE068FBF-61E8-478B-8157-DF23E596F0A8}.Debug|iPhoneSimulator.ActiveCfg = Debug|Any CPU
		{EE068FBF-61E8-478B-8157-DF23E596F0A8}.Debug|iPhoneSimulator.Build.0 = Debug|Any CPU
		{EE068FBF-61E8-478B-8157-DF23E596F0A8}.Debug|x64.ActiveCfg = Debug|Any CPU
		{EE068FBF-61E8-478B-8157-DF23E596F0A8}.Debug|x64.Build.0 = Debug|Any CPU
		{EE068FBF-61E8-478B-8157-DF23E596F0A8}.Debug|x86.ActiveCfg = Debug|Any CPU
		{EE068FBF-61E8-478B-8157-DF23E596F0A8}.Debug|x86.Build.0 = Debug|Any CPU
		{EE068FBF-61E8-478B-8157-DF23E596F0A8}.Release|Any CPU.ActiveCfg = Release|Any CPU
		{EE068FBF-61E8-478B-8157-DF23E596F0A8}.Release|Any CPU.Build.0 = Release|Any CPU
		{EE068FBF-61E8-478B-8157-DF23E596F0A8}.Release|ARM.ActiveCfg = Release|Any CPU
		{EE068FBF-61E8-478B-8157-DF23E596F0A8}.Release|ARM.Build.0 = Release|Any CPU
		{EE068FBF-61E8-478B-8157-DF23E596F0A8}.Release|iPhone.ActiveCfg = Release|Any CPU
		{EE068FBF-61E8-478B-8157-DF23E596F0A8}.Release|iPhone.Build.0 = Release|Any CPU
		{EE068FBF-61E8-478B-8157-DF23E596F0A8}.Release|iPhoneSimulator.ActiveCfg = Release|Any CPU
		{EE068FBF-61E8-478B-8157-DF23E596F0A8}.Release|iPhoneSimulator.Build.0 = Release|Any CPU
		{EE068FBF-61E8-478B-8157-DF23E596F0A8}.Release|x64.ActiveCfg = Release|Any CPU
		{EE068FBF-61E8-478B-8157-DF23E596F0A8}.Release|x64.Build.0 = Release|Any CPU
		{EE068FBF-61E8-478B-8157-DF23E596F0A8}.Release|x86.ActiveCfg = Release|Any CPU
		{EE068FBF-61E8-478B-8157-DF23E596F0A8}.Release|x86.Build.0 = Release|Any CPU
		{4CFB5048-5367-43FA-8D4E-1CE2A829D3E6}.Ad-Hoc|Any CPU.ActiveCfg = Debug|Any CPU
		{4CFB5048-5367-43FA-8D4E-1CE2A829D3E6}.Ad-Hoc|Any CPU.Build.0 = Debug|Any CPU
		{4CFB5048-5367-43FA-8D4E-1CE2A829D3E6}.Ad-Hoc|ARM.ActiveCfg = Debug|Any CPU
		{4CFB5048-5367-43FA-8D4E-1CE2A829D3E6}.Ad-Hoc|ARM.Build.0 = Debug|Any CPU
		{4CFB5048-5367-43FA-8D4E-1CE2A829D3E6}.Ad-Hoc|iPhone.ActiveCfg = Debug|Any CPU
		{4CFB5048-5367-43FA-8D4E-1CE2A829D3E6}.Ad-Hoc|iPhone.Build.0 = Debug|Any CPU
		{4CFB5048-5367-43FA-8D4E-1CE2A829D3E6}.Ad-Hoc|iPhoneSimulator.ActiveCfg = Debug|Any CPU
		{4CFB5048-5367-43FA-8D4E-1CE2A829D3E6}.Ad-Hoc|iPhoneSimulator.Build.0 = Debug|Any CPU
		{4CFB5048-5367-43FA-8D4E-1CE2A829D3E6}.Ad-Hoc|x64.ActiveCfg = Debug|Any CPU
		{4CFB5048-5367-43FA-8D4E-1CE2A829D3E6}.Ad-Hoc|x64.Build.0 = Debug|Any CPU
		{4CFB5048-5367-43FA-8D4E-1CE2A829D3E6}.Ad-Hoc|x86.ActiveCfg = Debug|Any CPU
		{4CFB5048-5367-43FA-8D4E-1CE2A829D3E6}.Ad-Hoc|x86.Build.0 = Debug|Any CPU
		{4CFB5048-5367-43FA-8D4E-1CE2A829D3E6}.AppStore|Any CPU.ActiveCfg = Debug|Any CPU
		{4CFB5048-5367-43FA-8D4E-1CE2A829D3E6}.AppStore|Any CPU.Build.0 = Debug|Any CPU
		{4CFB5048-5367-43FA-8D4E-1CE2A829D3E6}.AppStore|ARM.ActiveCfg = Debug|Any CPU
		{4CFB5048-5367-43FA-8D4E-1CE2A829D3E6}.AppStore|ARM.Build.0 = Debug|Any CPU
		{4CFB5048-5367-43FA-8D4E-1CE2A829D3E6}.AppStore|iPhone.ActiveCfg = Debug|Any CPU
		{4CFB5048-5367-43FA-8D4E-1CE2A829D3E6}.AppStore|iPhone.Build.0 = Debug|Any CPU
		{4CFB5048-5367-43FA-8D4E-1CE2A829D3E6}.AppStore|iPhoneSimulator.ActiveCfg = Debug|Any CPU
		{4CFB5048-5367-43FA-8D4E-1CE2A829D3E6}.AppStore|iPhoneSimulator.Build.0 = Debug|Any CPU
		{4CFB5048-5367-43FA-8D4E-1CE2A829D3E6}.AppStore|x64.ActiveCfg = Debug|Any CPU
		{4CFB5048-5367-43FA-8D4E-1CE2A829D3E6}.AppStore|x64.Build.0 = Debug|Any CPU
		{4CFB5048-5367-43FA-8D4E-1CE2A829D3E6}.AppStore|x86.ActiveCfg = Debug|Any CPU
		{4CFB5048-5367-43FA-8D4E-1CE2A829D3E6}.AppStore|x86.Build.0 = Debug|Any CPU
		{4CFB5048-5367-43FA-8D4E-1CE2A829D3E6}.Debug|Any CPU.ActiveCfg = Debug|Any CPU
		{4CFB5048-5367-43FA-8D4E-1CE2A829D3E6}.Debug|Any CPU.Build.0 = Debug|Any CPU
		{4CFB5048-5367-43FA-8D4E-1CE2A829D3E6}.Debug|ARM.ActiveCfg = Debug|Any CPU
		{4CFB5048-5367-43FA-8D4E-1CE2A829D3E6}.Debug|ARM.Build.0 = Debug|Any CPU
		{4CFB5048-5367-43FA-8D4E-1CE2A829D3E6}.Debug|iPhone.ActiveCfg = Debug|Any CPU
		{4CFB5048-5367-43FA-8D4E-1CE2A829D3E6}.Debug|iPhone.Build.0 = Debug|Any CPU
		{4CFB5048-5367-43FA-8D4E-1CE2A829D3E6}.Debug|iPhoneSimulator.ActiveCfg = Debug|Any CPU
		{4CFB5048-5367-43FA-8D4E-1CE2A829D3E6}.Debug|iPhoneSimulator.Build.0 = Debug|Any CPU
		{4CFB5048-5367-43FA-8D4E-1CE2A829D3E6}.Debug|x64.ActiveCfg = Debug|Any CPU
		{4CFB5048-5367-43FA-8D4E-1CE2A829D3E6}.Debug|x64.Build.0 = Debug|Any CPU
		{4CFB5048-5367-43FA-8D4E-1CE2A829D3E6}.Debug|x86.ActiveCfg = Debug|Any CPU
		{4CFB5048-5367-43FA-8D4E-1CE2A829D3E6}.Debug|x86.Build.0 = Debug|Any CPU
		{4CFB5048-5367-43FA-8D4E-1CE2A829D3E6}.Release|Any CPU.ActiveCfg = Release|Any CPU
		{4CFB5048-5367-43FA-8D4E-1CE2A829D3E6}.Release|Any CPU.Build.0 = Release|Any CPU
		{4CFB5048-5367-43FA-8D4E-1CE2A829D3E6}.Release|ARM.ActiveCfg = Release|Any CPU
		{4CFB5048-5367-43FA-8D4E-1CE2A829D3E6}.Release|ARM.Build.0 = Release|Any CPU
		{4CFB5048-5367-43FA-8D4E-1CE2A829D3E6}.Release|iPhone.ActiveCfg = Release|Any CPU
		{4CFB5048-5367-43FA-8D4E-1CE2A829D3E6}.Release|iPhone.Build.0 = Release|Any CPU
		{4CFB5048-5367-43FA-8D4E-1CE2A829D3E6}.Release|iPhoneSimulator.ActiveCfg = Release|Any CPU
		{4CFB5048-5367-43FA-8D4E-1CE2A829D3E6}.Release|iPhoneSimulator.Build.0 = Release|Any CPU
		{4CFB5048-5367-43FA-8D4E-1CE2A829D3E6}.Release|x64.ActiveCfg = Release|Any CPU
		{4CFB5048-5367-43FA-8D4E-1CE2A829D3E6}.Release|x64.Build.0 = Release|Any CPU
		{4CFB5048-5367-43FA-8D4E-1CE2A829D3E6}.Release|x86.ActiveCfg = Release|Any CPU
		{4CFB5048-5367-43FA-8D4E-1CE2A829D3E6}.Release|x86.Build.0 = Release|Any CPU
		{8759ED56-35A6-42A8-98D6-0433D89FB13A}.Ad-Hoc|Any CPU.ActiveCfg = Debug|Any CPU
		{8759ED56-35A6-42A8-98D6-0433D89FB13A}.Ad-Hoc|Any CPU.Build.0 = Debug|Any CPU
		{8759ED56-35A6-42A8-98D6-0433D89FB13A}.Ad-Hoc|ARM.ActiveCfg = Debug|Any CPU
		{8759ED56-35A6-42A8-98D6-0433D89FB13A}.Ad-Hoc|ARM.Build.0 = Debug|Any CPU
		{8759ED56-35A6-42A8-98D6-0433D89FB13A}.Ad-Hoc|iPhone.ActiveCfg = Debug|Any CPU
		{8759ED56-35A6-42A8-98D6-0433D89FB13A}.Ad-Hoc|iPhone.Build.0 = Debug|Any CPU
		{8759ED56-35A6-42A8-98D6-0433D89FB13A}.Ad-Hoc|iPhoneSimulator.ActiveCfg = Debug|Any CPU
		{8759ED56-35A6-42A8-98D6-0433D89FB13A}.Ad-Hoc|iPhoneSimulator.Build.0 = Debug|Any CPU
		{8759ED56-35A6-42A8-98D6-0433D89FB13A}.Ad-Hoc|x64.ActiveCfg = Debug|Any CPU
		{8759ED56-35A6-42A8-98D6-0433D89FB13A}.Ad-Hoc|x64.Build.0 = Debug|Any CPU
		{8759ED56-35A6-42A8-98D6-0433D89FB13A}.Ad-Hoc|x86.ActiveCfg = Debug|Any CPU
		{8759ED56-35A6-42A8-98D6-0433D89FB13A}.Ad-Hoc|x86.Build.0 = Debug|Any CPU
		{8759ED56-35A6-42A8-98D6-0433D89FB13A}.AppStore|Any CPU.ActiveCfg = Debug|Any CPU
		{8759ED56-35A6-42A8-98D6-0433D89FB13A}.AppStore|Any CPU.Build.0 = Debug|Any CPU
		{8759ED56-35A6-42A8-98D6-0433D89FB13A}.AppStore|ARM.ActiveCfg = Debug|Any CPU
		{8759ED56-35A6-42A8-98D6-0433D89FB13A}.AppStore|ARM.Build.0 = Debug|Any CPU
		{8759ED56-35A6-42A8-98D6-0433D89FB13A}.AppStore|iPhone.ActiveCfg = Debug|Any CPU
		{8759ED56-35A6-42A8-98D6-0433D89FB13A}.AppStore|iPhone.Build.0 = Debug|Any CPU
		{8759ED56-35A6-42A8-98D6-0433D89FB13A}.AppStore|iPhoneSimulator.ActiveCfg = Debug|Any CPU
		{8759ED56-35A6-42A8-98D6-0433D89FB13A}.AppStore|iPhoneSimulator.Build.0 = Debug|Any CPU
		{8759ED56-35A6-42A8-98D6-0433D89FB13A}.AppStore|x64.ActiveCfg = Debug|Any CPU
		{8759ED56-35A6-42A8-98D6-0433D89FB13A}.AppStore|x64.Build.0 = Debug|Any CPU
		{8759ED56-35A6-42A8-98D6-0433D89FB13A}.AppStore|x86.ActiveCfg = Debug|Any CPU
		{8759ED56-35A6-42A8-98D6-0433D89FB13A}.AppStore|x86.Build.0 = Debug|Any CPU
		{8759ED56-35A6-42A8-98D6-0433D89FB13A}.Debug|Any CPU.ActiveCfg = Debug|Any CPU
		{8759ED56-35A6-42A8-98D6-0433D89FB13A}.Debug|Any CPU.Build.0 = Debug|Any CPU
		{8759ED56-35A6-42A8-98D6-0433D89FB13A}.Debug|ARM.ActiveCfg = Debug|Any CPU
		{8759ED56-35A6-42A8-98D6-0433D89FB13A}.Debug|ARM.Build.0 = Debug|Any CPU
		{8759ED56-35A6-42A8-98D6-0433D89FB13A}.Debug|iPhone.ActiveCfg = Debug|Any CPU
		{8759ED56-35A6-42A8-98D6-0433D89FB13A}.Debug|iPhone.Build.0 = Debug|Any CPU
		{8759ED56-35A6-42A8-98D6-0433D89FB13A}.Debug|iPhoneSimulator.ActiveCfg = Debug|Any CPU
		{8759ED56-35A6-42A8-98D6-0433D89FB13A}.Debug|iPhoneSimulator.Build.0 = Debug|Any CPU
		{8759ED56-35A6-42A8-98D6-0433D89FB13A}.Debug|x64.ActiveCfg = Debug|Any CPU
		{8759ED56-35A6-42A8-98D6-0433D89FB13A}.Debug|x64.Build.0 = Debug|Any CPU
		{8759ED56-35A6-42A8-98D6-0433D89FB13A}.Debug|x86.ActiveCfg = Debug|Any CPU
		{8759ED56-35A6-42A8-98D6-0433D89FB13A}.Debug|x86.Build.0 = Debug|Any CPU
		{8759ED56-35A6-42A8-98D6-0433D89FB13A}.Release|Any CPU.ActiveCfg = Release|Any CPU
		{8759ED56-35A6-42A8-98D6-0433D89FB13A}.Release|Any CPU.Build.0 = Release|Any CPU
		{8759ED56-35A6-42A8-98D6-0433D89FB13A}.Release|ARM.ActiveCfg = Release|Any CPU
		{8759ED56-35A6-42A8-98D6-0433D89FB13A}.Release|ARM.Build.0 = Release|Any CPU
		{8759ED56-35A6-42A8-98D6-0433D89FB13A}.Release|iPhone.ActiveCfg = Release|Any CPU
		{8759ED56-35A6-42A8-98D6-0433D89FB13A}.Release|iPhone.Build.0 = Release|Any CPU
		{8759ED56-35A6-42A8-98D6-0433D89FB13A}.Release|iPhoneSimulator.ActiveCfg = Release|Any CPU
		{8759ED56-35A6-42A8-98D6-0433D89FB13A}.Release|iPhoneSimulator.Build.0 = Release|Any CPU
		{8759ED56-35A6-42A8-98D6-0433D89FB13A}.Release|x64.ActiveCfg = Release|Any CPU
		{8759ED56-35A6-42A8-98D6-0433D89FB13A}.Release|x64.Build.0 = Release|Any CPU
		{8759ED56-35A6-42A8-98D6-0433D89FB13A}.Release|x86.ActiveCfg = Release|Any CPU
		{8759ED56-35A6-42A8-98D6-0433D89FB13A}.Release|x86.Build.0 = Release|Any CPU
		{2C364F14-3E5C-4D57-BD0C-F5F060F0E087}.Ad-Hoc|Any CPU.ActiveCfg = Debug|Any CPU
		{2C364F14-3E5C-4D57-BD0C-F5F060F0E087}.Ad-Hoc|Any CPU.Build.0 = Debug|Any CPU
		{2C364F14-3E5C-4D57-BD0C-F5F060F0E087}.Ad-Hoc|ARM.ActiveCfg = Debug|Any CPU
		{2C364F14-3E5C-4D57-BD0C-F5F060F0E087}.Ad-Hoc|ARM.Build.0 = Debug|Any CPU
		{2C364F14-3E5C-4D57-BD0C-F5F060F0E087}.Ad-Hoc|iPhone.ActiveCfg = Debug|Any CPU
		{2C364F14-3E5C-4D57-BD0C-F5F060F0E087}.Ad-Hoc|iPhone.Build.0 = Debug|Any CPU
		{2C364F14-3E5C-4D57-BD0C-F5F060F0E087}.Ad-Hoc|iPhoneSimulator.ActiveCfg = Debug|Any CPU
		{2C364F14-3E5C-4D57-BD0C-F5F060F0E087}.Ad-Hoc|iPhoneSimulator.Build.0 = Debug|Any CPU
		{2C364F14-3E5C-4D57-BD0C-F5F060F0E087}.Ad-Hoc|x64.ActiveCfg = Debug|Any CPU
		{2C364F14-3E5C-4D57-BD0C-F5F060F0E087}.Ad-Hoc|x64.Build.0 = Debug|Any CPU
		{2C364F14-3E5C-4D57-BD0C-F5F060F0E087}.Ad-Hoc|x86.ActiveCfg = Debug|Any CPU
		{2C364F14-3E5C-4D57-BD0C-F5F060F0E087}.Ad-Hoc|x86.Build.0 = Debug|Any CPU
		{2C364F14-3E5C-4D57-BD0C-F5F060F0E087}.AppStore|Any CPU.ActiveCfg = Debug|Any CPU
		{2C364F14-3E5C-4D57-BD0C-F5F060F0E087}.AppStore|Any CPU.Build.0 = Debug|Any CPU
		{2C364F14-3E5C-4D57-BD0C-F5F060F0E087}.AppStore|ARM.ActiveCfg = Debug|Any CPU
		{2C364F14-3E5C-4D57-BD0C-F5F060F0E087}.AppStore|ARM.Build.0 = Debug|Any CPU
		{2C364F14-3E5C-4D57-BD0C-F5F060F0E087}.AppStore|iPhone.ActiveCfg = Debug|Any CPU
		{2C364F14-3E5C-4D57-BD0C-F5F060F0E087}.AppStore|iPhone.Build.0 = Debug|Any CPU
		{2C364F14-3E5C-4D57-BD0C-F5F060F0E087}.AppStore|iPhoneSimulator.ActiveCfg = Debug|Any CPU
		{2C364F14-3E5C-4D57-BD0C-F5F060F0E087}.AppStore|iPhoneSimulator.Build.0 = Debug|Any CPU
		{2C364F14-3E5C-4D57-BD0C-F5F060F0E087}.AppStore|x64.ActiveCfg = Debug|Any CPU
		{2C364F14-3E5C-4D57-BD0C-F5F060F0E087}.AppStore|x64.Build.0 = Debug|Any CPU
		{2C364F14-3E5C-4D57-BD0C-F5F060F0E087}.AppStore|x86.ActiveCfg = Debug|Any CPU
		{2C364F14-3E5C-4D57-BD0C-F5F060F0E087}.AppStore|x86.Build.0 = Debug|Any CPU
		{2C364F14-3E5C-4D57-BD0C-F5F060F0E087}.Debug|Any CPU.ActiveCfg = Debug|Any CPU
		{2C364F14-3E5C-4D57-BD0C-F5F060F0E087}.Debug|Any CPU.Build.0 = Debug|Any CPU
		{2C364F14-3E5C-4D57-BD0C-F5F060F0E087}.Debug|ARM.ActiveCfg = Debug|Any CPU
		{2C364F14-3E5C-4D57-BD0C-F5F060F0E087}.Debug|ARM.Build.0 = Debug|Any CPU
		{2C364F14-3E5C-4D57-BD0C-F5F060F0E087}.Debug|iPhone.ActiveCfg = Debug|Any CPU
		{2C364F14-3E5C-4D57-BD0C-F5F060F0E087}.Debug|iPhone.Build.0 = Debug|Any CPU
		{2C364F14-3E5C-4D57-BD0C-F5F060F0E087}.Debug|iPhoneSimulator.ActiveCfg = Debug|Any CPU
		{2C364F14-3E5C-4D57-BD0C-F5F060F0E087}.Debug|iPhoneSimulator.Build.0 = Debug|Any CPU
		{2C364F14-3E5C-4D57-BD0C-F5F060F0E087}.Debug|x64.ActiveCfg = Debug|Any CPU
		{2C364F14-3E5C-4D57-BD0C-F5F060F0E087}.Debug|x64.Build.0 = Debug|Any CPU
		{2C364F14-3E5C-4D57-BD0C-F5F060F0E087}.Debug|x86.ActiveCfg = Debug|Any CPU
		{2C364F14-3E5C-4D57-BD0C-F5F060F0E087}.Debug|x86.Build.0 = Debug|Any CPU
		{2C364F14-3E5C-4D57-BD0C-F5F060F0E087}.Release|Any CPU.ActiveCfg = Release|Any CPU
		{2C364F14-3E5C-4D57-BD0C-F5F060F0E087}.Release|Any CPU.Build.0 = Release|Any CPU
		{2C364F14-3E5C-4D57-BD0C-F5F060F0E087}.Release|ARM.ActiveCfg = Release|Any CPU
		{2C364F14-3E5C-4D57-BD0C-F5F060F0E087}.Release|ARM.Build.0 = Release|Any CPU
		{2C364F14-3E5C-4D57-BD0C-F5F060F0E087}.Release|iPhone.ActiveCfg = Release|Any CPU
		{2C364F14-3E5C-4D57-BD0C-F5F060F0E087}.Release|iPhone.Build.0 = Release|Any CPU
		{2C364F14-3E5C-4D57-BD0C-F5F060F0E087}.Release|iPhoneSimulator.ActiveCfg = Release|Any CPU
		{2C364F14-3E5C-4D57-BD0C-F5F060F0E087}.Release|iPhoneSimulator.Build.0 = Release|Any CPU
		{2C364F14-3E5C-4D57-BD0C-F5F060F0E087}.Release|x64.ActiveCfg = Release|Any CPU
		{2C364F14-3E5C-4D57-BD0C-F5F060F0E087}.Release|x64.Build.0 = Release|Any CPU
		{2C364F14-3E5C-4D57-BD0C-F5F060F0E087}.Release|x86.ActiveCfg = Release|Any CPU
		{2C364F14-3E5C-4D57-BD0C-F5F060F0E087}.Release|x86.Build.0 = Release|Any CPU
	EndGlobalSection
	GlobalSection(SolutionProperties) = preSolution
		HideSolutionNode = FALSE
	EndGlobalSection
	GlobalSection(NestedProjects) = preSolution
		{BE7333DD-2159-4290-BEBD-7F9FC58B01B3} = {873076A5-359D-4037-AD70-9D89B6859B52}
		{AADCCB48-A2B9-4397-8A41-C2E5CA5916C8} = {873076A5-359D-4037-AD70-9D89B6859B52}
		{07B4B52B-AB8E-44D6-B69C-BB92987864B2} = {873076A5-359D-4037-AD70-9D89B6859B52}
		{BC4D03E5-1B62-4F23-B3BA-F136DBE2D2B5} = {873076A5-359D-4037-AD70-9D89B6859B52}
		{6D9E71C8-88B8-4996-B4E8-426981FAC3CE} = {27849618-C105-4A1B-9767-12DEEB0CDCFC}
		{ABF57A0E-F2B4-4E80-BFDE-FF319BA473DF} = {11DD597A-6FAB-40B1-806C-0B071CE50543}
		{5949A63E-EF1D-4039-A9E1-7AE977C6F67D} = {11DD597A-6FAB-40B1-806C-0B071CE50543}
		{4E2E5D6E-848A-45B1-8814-85C16983566E} = {27849618-C105-4A1B-9767-12DEEB0CDCFC}
		{0F721C4C-C734-4D99-9F38-71329B1A4407} = {27849618-C105-4A1B-9767-12DEEB0CDCFC}
		{EE068FBF-61E8-478B-8157-DF23E596F0A8} = {11DD597A-6FAB-40B1-806C-0B071CE50543}
		{4CFB5048-5367-43FA-8D4E-1CE2A829D3E6} = {27849618-C105-4A1B-9767-12DEEB0CDCFC}
		{8759ED56-35A6-42A8-98D6-0433D89FB13A} = {B82FF878-82FF-4E6C-AEF5-B16F604C09E0}
		{2C364F14-3E5C-4D57-BD0C-F5F060F0E087} = {B82FF878-82FF-4E6C-AEF5-B16F604C09E0}
	EndGlobalSection
	GlobalSection(ExtensibilityGlobals) = postSolution
		SolutionGuid = {251AE68B-DFEB-47D9-8C45-4A1AFDFA01F7}
	EndGlobalSection
EndGlobal
